<?xml version="1.0" encoding="utf-8"?>
<Project ToolsVersion="4.0" xmlns="http://schemas.microsoft.com/developer/msbuild/2003">
  <ItemGroup>
    <Filter Include="Project Files">
      <UniqueIdentifier>{4d240bc4-d1a0-4823-9a4b-2a35714ee59f}</UniqueIdentifier>
    </Filter>
    <Filter Include="Network">
      <UniqueIdentifier>{9dacc314-c8a6-4806-8b63-292a144f837b}</UniqueIdentifier>
    </Filter>
  </ItemGroup>
  <ItemGroup>
    <ClCompile Include="binary_stream_readers.cpp" />
    <ClCompile Include="control_bindings.cpp" />
    <ClCompile Include="control_types.cpp" />
    <ClCompile Include="file_paths.cpp" />
    <ClCompile Include="FileSys.cpp" />
    <ClCompile Include="filesys_utils.cpp" />
    <ClCompile Include="hi_res_time.cpp" />
    <ClCompile Include="LegacyVector2.cpp" />
    <ClCompile Include="LegacyVector3.cpp" />
    <ClCompile Include="math_utils.cpp" />
    <ClCompile Include="matrix33.cpp" />
    <ClCompile Include="matrix34.cpp" />
    <ClCompile Include="movement2d.cpp" />
    <ClCompile Include="NeuronCore.cpp" />
    <ClCompile Include="pch.cpp" />
    <ClCompile Include="plane.cpp" />
    <ClCompile Include="preferences.cpp" />
    <ClCompile Include="random.cpp" />
    <ClCompile Include="string_utils.cpp" />
    <ClCompile Include="system_info.cpp" />
    <ClCompile Include="targetcursor.cpp" />
    <ClCompile Include="TasksCore.cpp" />
    <ClCompile Include="text_stream_readers.cpp" />
    <ClCompile Include="user_info.cpp" />
    <ClCompile Include="Utility.cpp" />
    <ClCompile Include="AOIManager.cpp">
      <Filter>Network</Filter>
    </ClCompile>
    <ClCompile Include="AuthoritativeServer.cpp">
      <Filter>Network</Filter>
    </ClCompile>
    <ClCompile Include="ClientPeer.cpp">
      <Filter>Network</Filter>
    </ClCompile>
    <ClCompile Include="NetLib.cpp">
      <Filter>Network</Filter>
    </ClCompile>
    <ClCompile Include="NetSocket.cpp">
      <Filter>Network</Filter>
    </ClCompile>
    <ClCompile Include="NetworkEntityManager.cpp">
      <Filter>Network</Filter>
    </ClCompile>
    <ClCompile Include="NetworkPackets.cpp">
      <Filter>Network</Filter>
    </ClCompile>
    <ClCompile Include="Packet.cpp">
      <Filter>Network</Filter>
    </ClCompile>
    <ClCompile Include="PredictiveClient.cpp">
      <Filter>Network</Filter>
    </ClCompile>
  </ItemGroup>
  <ItemGroup>
    <ClInclude Include="2d_array.h" />
    <ClInclude Include="2d_surface_map.h" />
    <ClInclude Include="ASyncLoader.h" />
    <ClInclude Include="auto_vector.h" />
    <ClInclude Include="binary_stream_readers.h" />
    <ClInclude Include="btree.h" />
    <ClInclude Include="control_bindings.h" />
    <ClInclude Include="control_types.h" />
    <ClInclude Include="darray.h" />
    <ClInclude Include="Debug.h" />
    <ClInclude Include="DeviceNotify.h" />
    <ClInclude Include="fast_darray.h" />
    <ClInclude Include="file_paths.h" />
    <ClInclude Include="FileSys.h" />
    <ClInclude Include="filesys_utils.h" />
    <ClInclude Include="GameMath.h" />
    <ClInclude Include="hash_table.h" />
    <ClInclude Include="hi_res_time.h" />
    <ClInclude Include="LegacyVector2.h" />
    <ClInclude Include="LegacyVector3.h" />
    <ClInclude Include="llist.h" />
    <ClInclude Include="math_utils.h" />
    <ClInclude Include="MathCommon.h" />
    <ClInclude Include="matrix33.h" />
    <ClInclude Include="matrix34.h" />
    <ClInclude Include="movement2d.h" />
    <ClInclude Include="NeuronCore.h" />
    <ClInclude Include="NeuronHelper.h" />
    <ClInclude Include="pch.h" />
    <ClInclude Include="plane.h" />
    <ClInclude Include="preference_names.h" />
    <ClInclude Include="preferences.h" />
    <ClInclude Include="random.h" />
    <ClInclude Include="slice_darray.h" />
    <ClInclude Include="sorting_hash_table.h" />
    <ClInclude Include="string_utils.h" />
    <ClInclude Include="system_info.h" />
    <ClInclude Include="targetcursor.h" />
    <ClInclude Include="TasksCore.h" />
    <ClInclude Include="text_stream_readers.h" />
    <ClInclude Include="TimerCore.h" />
    <ClInclude Include="user_info.h" />
    <ClInclude Include="Utility.h" />
    <ClInclude Include="AOIManager.h">
      <Filter>Network</Filter>
    </ClInclude>
    <ClInclude Include="AuthoritativeServer.h">
      <Filter>Network</Filter>
    </ClInclude>
    <ClInclude Include="ClientPeer.h">
      <Filter>Network</Filter>
    </ClInclude>
    <ClInclude Include="DataReader.h">
      <Filter>Network</Filter>
    </ClInclude>
    <ClInclude Include="DataWriter.h">
      <Filter>Network</Filter>
    </ClInclude>
    <ClInclude Include="NetLib.h">
      <Filter>Network</Filter>
    </ClInclude>
    <ClInclude Include="NetSocket.h">
      <Filter>Network</Filter>
    </ClInclude>
    <ClInclude Include="NetworkConst.h">
      <Filter>Network</Filter>
    </ClInclude>
    <ClInclude Include="NetworkEntityManager.h">
      <Filter>Network</Filter>
    </ClInclude>
    <ClInclude Include="NetworkPackets.h">
      <Filter>Network</Filter>
    </ClInclude>
    <ClInclude Include="NetworkTypes.h">
      <Filter>Network</Filter>
    </ClInclude>
    <ClInclude Include="Packet.h">
      <Filter>Network</Filter>
    </ClInclude>
    <ClInclude Include="PredictiveClient.h">
      <Filter>Network</Filter>
    </ClInclude>
    <ClInclude Include="Checksum.h">
      <Filter>Network</Filter>
    </ClInclude>
  </ItemGroup>
  <ItemGroup>
    <None Include="packages.config">
      <Filter>Project Files</Filter>
    </None>
  </ItemGroup>
</Project>