<?xml version="1.0" encoding="utf-8"?>
<Project ToolsVersion="4.0" xmlns="http://schemas.microsoft.com/developer/msbuild/2003">
  <ItemGroup>
    <Filter Include="Project Files">
      <UniqueIdentifier>{862098c1-09fd-4a19-b85c-9f5c751c9a53}</UniqueIdentifier>
    </Filter>
    <Filter Include="Canvas">
      <UniqueIdentifier>{1d5417a4-b5c0-45e3-9b1c-5d0381dd01a7}</UniqueIdentifier>
    </Filter>
    <Filter Include="Graphics">
      <UniqueIdentifier>{acd4601f-8cbb-4f5b-a229-9ca9d951a0a3}</UniqueIdentifier>
    </Filter>
    <Filter Include="Input">
      <UniqueIdentifier>{edfef6ec-e587-4d26-b57d-a1ec1b25997f}</UniqueIdentifier>
    </Filter>
  </ItemGroup>
  <ItemGroup>
    <ClCompile Include="NeuronClient.cpp" />
    <ClCompile Include="pch.cpp" />
    <ClCompile Include="WndProcManager.cpp" />
    <ClCompile Include="Strings.cpp" />
    <ClCompile Include="GuiButton.cpp">
      <Filter>Canvas</Filter>
    </ClCompile>
    <ClCompile Include="GuiWindow.cpp">
      <Filter>Canvas</Filter>
    </ClCompile>
    <ClCompile Include="Canvas.cpp">
      <Filter>Canvas</Filter>
    </ClCompile>
    <ClCompile Include="DX9TextRenderer.cpp">
      <Filter>Graphics</Filter>
    </ClCompile>
    <ClCompile Include="GraphicsCore.cpp">
      <Filter>Graphics</Filter>
    </ClCompile>
    <ClCompile Include="TextureManager.cpp">
      <Filter>Graphics</Filter>
    </ClCompile>
    <ClCompile Include="window_manager_directx.cpp" />
    <ClCompile Include="bitmap.cpp">
      <Filter>Graphics</Filter>
    </ClCompile>
    <ClCompile Include="DDSTextureLoader.cpp">
      <Filter>Graphics</Filter>
    </ClCompile>
    <ClCompile Include="ogl_extensions_directx.cpp">
      <Filter>Graphics</Filter>
    </ClCompile>
    <ClCompile Include="opengl_directx.cpp">
      <Filter>Graphics</Filter>
    </ClCompile>
    <ClCompile Include="opengl_directx_dlist.cpp">
      <Filter>Graphics</Filter>
    </ClCompile>
    <ClCompile Include="opengl_directx_dlist_dev.cpp">
      <Filter>Graphics</Filter>
    </ClCompile>
    <ClCompile Include="opengl_directx_matrix_stack.cpp">
      <Filter>Graphics</Filter>
    </ClCompile>
    <ClCompile Include="opengl_trace.cpp">
      <Filter>Graphics</Filter>
    </ClCompile>
    <ClCompile Include="rgb_colour.cpp">
      <Filter>Graphics</Filter>
    </ClCompile>
    <ClCompile Include="3d_sprite.cpp" />
    <ClCompile Include="LegacyTexture.cpp" />
    <ClCompile Include="PersistentState.cpp" />
    <ClCompile Include="profiler.cpp" />
    <ClCompile Include="sample_cache.cpp" />
    <ClCompile Include="sound_filter.cpp" />
    <ClCompile Include="sound_instance.cpp" />
    <ClCompile Include="sound_library_2d.cpp" />
    <ClCompile Include="sound_library_3d.cpp" />
    <ClCompile Include="sound_library_3d_dsound.cpp" />
    <ClCompile Include="sound_parameter.cpp" />
    <ClCompile Include="sound_stream_decoder.cpp" />
    <ClCompile Include="soundsystem.cpp" />
    <ClCompile Include="texture_uv.cpp" />
    <ClCompile Include="input.cpp">
      <Filter>Input</Filter>
    </ClCompile>
    <ClCompile Include="input_types.cpp">
      <Filter>Input</Filter>
    </ClCompile>
    <ClCompile Include="inputdriver.cpp">
      <Filter>Input</Filter>
    </ClCompile>
    <ClCompile Include="inputdriver_alias.cpp">
      <Filter>Input</Filter>
    </ClCompile>
    <ClCompile Include="inputdriver_chord.cpp">
      <Filter>Input</Filter>
    </ClCompile>
    <ClCompile Include="inputdriver_conjoin.cpp">
      <Filter>Input</Filter>
    </ClCompile>
    <ClCompile Include="inputdriver_idle.cpp">
      <Filter>Input</Filter>
    </ClCompile>
    <ClCompile Include="inputdriver_invert.cpp">
      <Filter>Input</Filter>
    </ClCompile>
    <ClCompile Include="inputdriver_pipe.cpp">
      <Filter>Input</Filter>
    </ClCompile>
    <ClCompile Include="inputdriver_prefs.cpp">
      <Filter>Input</Filter>
    </ClCompile>
    <ClCompile Include="inputdriver_simple.cpp">
      <Filter>Input</Filter>
    </ClCompile>
    <ClCompile Include="inputdriver_value.cpp">
      <Filter>Input</Filter>
    </ClCompile>
    <ClCompile Include="inputdriver_win32.cpp">
      <Filter>Input</Filter>
    </ClCompile>
    <ClCompile Include="inputdriver_xinput.cpp">
      <Filter>Input</Filter>
    </ClCompile>
    <ClCompile Include="inputfilter.cpp">
      <Filter>Input</Filter>
    </ClCompile>
    <ClCompile Include="inputfilter_direction.cpp">
      <Filter>Input</Filter>
    </ClCompile>
    <ClCompile Include="inputfilter_withdelta.cpp">
      <Filter>Input</Filter>
    </ClCompile>
    <ClCompile Include="inputfiltermanager.cpp">
      <Filter>Input</Filter>
    </ClCompile>
    <ClCompile Include="inputfilterspec.cpp">
      <Filter>Input</Filter>
    </ClCompile>
    <ClCompile Include="inputspec.cpp">
      <Filter>Input</Filter>
    </ClCompile>
    <ClCompile Include="InputTransform.cpp">
      <Filter>Input</Filter>
    </ClCompile>
    <ClCompile Include="keynames.cpp">
      <Filter>Input</Filter>
    </ClCompile>
    <ClCompile Include="InputField.cpp">
      <Filter>Canvas</Filter>
    </ClCompile>
    <ClCompile Include="Shape.cpp" />
    <ClCompile Include="resource.cpp" />
  </ItemGroup>
  <ItemGroup>
    <ClInclude Include="NeuronClient.h" />
    <ClInclude Include="pch.h" />
    <ClInclude Include="WndProcManager.h" />
    <ClInclude Include="Strings.h" />
    <ClInclude Include="GameMain.h" />
    <ClInclude Include="GuiButton.h">
      <Filter>Canvas</Filter>
    </ClInclude>
    <ClInclude Include="GuiWindow.h">
      <Filter>Canvas</Filter>
    </ClInclude>
    <ClInclude Include="Canvas.h">
      <Filter>Canvas</Filter>
    </ClInclude>
    <ClInclude Include="DirectXHelper.h">
      <Filter>Graphics</Filter>
    </ClInclude>
    <ClInclude Include="DX9TextRenderer.h">
      <Filter>Graphics</Filter>
    </ClInclude>
    <ClInclude Include="GraphicsCore.h">
      <Filter>Graphics</Filter>
    </ClInclude>
    <ClInclude Include="TextureManager.h">
      <Filter>Graphics</Filter>
    </ClInclude>
    <ClInclude Include="universal_include.h" />
    <ClInclude Include="window_manager.h" />
    <ClInclude Include="window_manager_win32.h" />
    <ClInclude Include="bitmap.h">
      <Filter>Graphics</Filter>
    </ClInclude>
    <ClInclude Include="Color.h">
      <Filter>Graphics</Filter>
    </ClInclude>
    <ClInclude Include="DDS.h">
      <Filter>Graphics</Filter>
    </ClInclude>
    <ClInclude Include="DDSTextureLoader.h">
      <Filter>Graphics</Filter>
    </ClInclude>
    <ClInclude Include="LoaderHelpers.h">
      <Filter>Graphics</Filter>
    </ClInclude>
    <ClInclude Include="ogl_extensions.h">
      <Filter>Graphics</Filter>
    </ClInclude>
    <ClInclude Include="opengl_directx.h">
      <Filter>Graphics</Filter>
    </ClInclude>
    <ClInclude Include="opengl_directx_dlist.h">
      <Filter>Graphics</Filter>
    </ClInclude>
    <ClInclude Include="opengl_directx_dlist_dev.h">
      <Filter>Graphics</Filter>
    </ClInclude>
    <ClInclude Include="opengl_directx_inline.h">
      <Filter>Graphics</Filter>
    </ClInclude>
    <ClInclude Include="opengl_directx_internals.h">
      <Filter>Graphics</Filter>
    </ClInclude>
    <ClInclude Include="opengl_directx_matrix_stack.h">
      <Filter>Graphics</Filter>
    </ClInclude>
    <ClInclude Include="opengl_trace.h">
      <Filter>Graphics</Filter>
    </ClInclude>
    <ClInclude Include="rgb_colour.h">
      <Filter>Graphics</Filter>
    </ClInclude>
    <ClInclude Include="3d_sprite.h" />
    <ClInclude Include="LegacyTexture.h" />
    <ClInclude Include="PersistentState.h" />
    <ClInclude Include="profiler.h" />
    <ClInclude Include="sample_cache.h" />
    <ClInclude Include="sound_filter.h" />
    <ClInclude Include="sound_instance.h" />
    <ClInclude Include="sound_library_2d.h" />
    <ClInclude Include="sound_library_3d.h" />
    <ClInclude Include="sound_library_3d_dsound.h" />
    <ClInclude Include="sound_parameter.h" />
    <ClInclude Include="sound_stream_decoder.h" />
    <ClInclude Include="soundsystem.h" />
    <ClInclude Include="texture_uv.h" />
    <ClInclude Include="input.h">
      <Filter>Input</Filter>
    </ClInclude>
    <ClInclude Include="input_types.h">
      <Filter>Input</Filter>
    </ClInclude>
    <ClInclude Include="inputdriver.h">
      <Filter>Input</Filter>
    </ClInclude>
    <ClInclude Include="inputdriver_alias.h">
      <Filter>Input</Filter>
    </ClInclude>
    <ClInclude Include="inputdriver_chord.h">
      <Filter>Input</Filter>
    </ClInclude>
    <ClInclude Include="inputdriver_conjoin.h">
      <Filter>Input</Filter>
    </ClInclude>
    <ClInclude Include="inputdriver_idle.h">
      <Filter>Input</Filter>
    </ClInclude>
    <ClInclude Include="inputdriver_invert.h">
      <Filter>Input</Filter>
    </ClInclude>
    <ClInclude Include="inputdriver_pipe.h">
      <Filter>Input</Filter>
    </ClInclude>
    <ClInclude Include="inputdriver_prefs.h">
      <Filter>Input</Filter>
    </ClInclude>
    <ClInclude Include="inputdriver_simple.h">
      <Filter>Input</Filter>
    </ClInclude>
    <ClInclude Include="inputdriver_value.h">
      <Filter>Input</Filter>
    </ClInclude>
    <ClInclude Include="inputdriver_win32.h">
      <Filter>Input</Filter>
    </ClInclude>
    <ClInclude Include="inputdriver_xinput.h">
      <Filter>Input</Filter>
    </ClInclude>
    <ClInclude Include="inputfilter.h">
      <Filter>Input</Filter>
    </ClInclude>
    <ClInclude Include="inputfilter_direction.h">
      <Filter>Input</Filter>
    </ClInclude>
    <ClInclude Include="inputfilter_withdelta.h">
      <Filter>Input</Filter>
    </ClInclude>
    <ClInclude Include="inputfiltermanager.h">
      <Filter>Input</Filter>
    </ClInclude>
    <ClInclude Include="inputfilterspec.h">
      <Filter>Input</Filter>
    </ClInclude>
    <ClInclude Include="inputspec.h">
      <Filter>Input</Filter>
    </ClInclude>
    <ClInclude Include="inputspeclist.h">
      <Filter>Input</Filter>
    </ClInclude>
    <ClInclude Include="InputTransform.h">
      <Filter>Input</Filter>
    </ClInclude>
    <ClInclude Include="keydefs.h">
      <Filter>Input</Filter>
    </ClInclude>
    <ClInclude Include="keynames.h">
      <Filter>Input</Filter>
    </ClInclude>
    <ClInclude Include="InputField.h">
      <Filter>Canvas</Filter>
    </ClInclude>
    <ClInclude Include="Shape.h" />
    <ClInclude Include="resource.h" />
  </ItemGroup>
  <ItemGroup>
    <None Include="packages.config">
      <Filter>Project Files</Filter>
    </None>
  </ItemGroup>
  <ItemGroup>
    <Natvis Include="$(MSBuildThisFileDirectory)..\..\natvis\wil.natstepfilter">
      <Filter>Project Files</Filter>
    </Natvis>
    <Natvis Include="$(MSBuildThisFileDirectory)..\..\natvis\wil.natvis">
      <Filter>Project Files</Filter>
    </Natvis>
  </ItemGroup>
</Project>