<?xml version="1.0" encoding="utf-8"?>
<Project ToolsVersion="4.0" xmlns="http://schemas.microsoft.com/developer/msbuild/2003">
  <ItemGroup>
    <ClCompile Include="pch.cpp" />
    <ClCompile Include="GameRender.cpp" />
    <ClCompile Include="EntityRenderRegistry.cpp" />
    <ClCompile Include="BuildingRenderRegistry.cpp" />
    <ClCompile Include="ShadowRenderer.cpp" />
    <ClCompile Include="TreeBuildingRenderer.cpp" />
    <ClCompile Include="ArmyAntRenderer.cpp" />
    <ClCompile Include="EggRenderer.cpp" />
    <ClCompile Include="OfficerRenderer.cpp" />
    <ClCompile Include="TriffidEggRenderer.cpp" />
    <ClCompile Include="EngineerRenderer.cpp" />
    <ClCompile Include="ArmourRenderer.cpp" />
    <ClCompile Include="TripodRenderer.cpp" />
    <ClCompile Include="CentipedeRenderer.cpp" />
    <ClCompile Include="SpiderRenderer.cpp" />
    <ClCompile Include="SoulDestroyerRenderer.cpp" />
    <ClCompile Include="DarwinianRenderer.cpp" />
    <ClCompile Include="ViriiRenderer.cpp" />
    <ClCompile Include="LanderRenderer.cpp" />
    <ClCompile Include="LaserTrooperRenderer.cpp" />
    <ClCompile Include="DefaultBuildingRenderer.cpp" />
    <ClCompile Include="WallBuildingRenderer.cpp" />
    <ClCompile Include="StaticShapeBuildingRenderer.cpp" />
    <ClCompile Include="ScriptTriggerBuildingRenderer.cpp" />
    <ClCompile Include="GodDishBuildingRenderer.cpp" />
    <ClCompile Include="GunTurretBuildingRenderer.cpp" />
    <ClCompile Include="ControlTowerBuildingRenderer.cpp" />
    <ClCompile Include="TeleportBuildingRenderer.cpp" />
    <ClCompile Include="RadarDishBuildingRenderer.cpp" />
    <ClCompile Include="LaserFenceBuildingRenderer.cpp" />
    <ClCompile Include="FenceSwitchBuildingRenderer.cpp" />
    <ClCompile Include="TriffidBuildingRenderer.cpp" />
    <ClCompile Include="ResearchItemBuildingRenderer.cpp" />
    <ClCompile Include="SpamBuildingRenderer.cpp" />
    <ClCompile Include="TrunkPortBuildingRenderer.cpp" />
    <ClCompile Include="FeedingTubeBuildingRenderer.cpp" />
    <ClCompile Include="PylonEndBuildingRenderer.cpp" />
    <ClCompile Include="PowerBuildingRenderer.cpp" />
    <ClCompile Include="SolarPanelBuildingRenderer.cpp" />
    <ClCompile Include="GeneratorBuildingRenderer.cpp" />
    <ClCompile Include="SpawnPointBuildingRenderer.cpp" />
    <ClCompile Include="MasterSpawnPointBuildingRenderer.cpp" />
    <ClCompile Include="SpawnBuildingRenderer.cpp" />
    <ClCompile Include="ReceiverBuildingRenderer.cpp" />
    <ClCompile Include="SpiritProcessorBuildingRenderer.cpp" />
    <ClCompile Include="SpiritReceiverBuildingRenderer.cpp" />
    <ClCompile Include="BlueprintBuildingRenderer.cpp" />
    <ClCompile Include="BlueprintConsoleBuildingRenderer.cpp" />
    <ClCompile Include="BlueprintStoreBuildingRenderer.cpp" />
    <ClCompile Include="BlueprintRelayBuildingRenderer.cpp" />
    <ClCompile Include="MineBuildingRenderer.cpp" />
    <ClCompile Include="TrackJunctionBuildingRenderer.cpp" />
    <ClCompile Include="RefineryBuildingRenderer.cpp" />
    <ClCompile Include="MineShaftBuildingRenderer.cpp" />
    <ClCompile Include="AITargetBuildingRenderer.cpp" />
    <ClCompile Include="FuelBuildingRenderer.cpp" />
    <ClCompile Include="FuelGeneratorBuildingRenderer.cpp" />
    <ClCompile Include="FuelStationBuildingRenderer.cpp" />
    <ClCompile Include="EscapeRocketBuildingRenderer.cpp" />
    <ClCompile Include="ConstructionYardBuildingRenderer.cpp" />
    <ClCompile Include="DisplayScreenBuildingRenderer.cpp" />
    <ClCompile Include="DynamicNodeBuildingRenderer.cpp" />
    <ClCompile Include="cheat_window.cpp" />
    <ClCompile Include="darwinia_window.cpp" />
    <ClCompile Include="debugmenu.cpp" />
    <ClCompile Include="drop_down_menu.cpp" />
    <ClCompile Include="input_field.cpp" />
    <ClCompile Include="mainmenus.cpp" />
    <ClCompile Include="message_dialog.cpp" />
    <ClCompile Include="network_window.cpp" />
    <ClCompile Include="prefs_graphics_window.cpp" />
    <ClCompile Include="prefs_keybindings_window.cpp" />
    <ClCompile Include="prefs_other_window.cpp" />
    <ClCompile Include="prefs_screen_window.cpp" />
    <ClCompile Include="prefs_sound_window.cpp" />
    <ClCompile Include="profilewindow.cpp" />
    <ClCompile Include="reallyquit_window.cpp" />
    <ClCompile Include="scrollbar.cpp" />
    <ClCompile Include="userprofile_window.cpp" />
    <ClCompile Include="SquadieRenderer.cpp" />
    <ClCompile Include="SporeGeneratorRenderer.cpp" />
    <ClCompile Include="WorldObjectRenderRegistry.cpp" />
    <ClCompile Include="SnowRenderer.cpp" />
    <ClCompile Include="FlagRenderer.cpp" />
    <ClCompile Include="SpaceInvaderRenderer.cpp" />
    <ClCompile Include="BoxKiteRenderer.cpp" />
    <ClCompile Include="WeaponRenderer.cpp" />
    <ClCompile Include="MiscEffectRenderer.cpp" />
    <ClCompile Include="SpiritRenderer.cpp" />
  </ItemGroup>
  <ItemGroup>
    <ClInclude Include="pch.h" />
    <ClInclude Include="GameRender.h" />
    <ClInclude Include="EntityRenderer.h" />
    <ClInclude Include="BuildingRenderer.h" />
    <ClInclude Include="EntityRenderRegistry.h" />
    <ClInclude Include="BuildingRenderRegistry.h" />
    <ClInclude Include="ShadowRenderer.h" />
    <ClInclude Include="TreeBuildingRenderer.h" />
    <ClInclude Include="ArmyAntRenderer.h" />
    <ClInclude Include="EggRenderer.h" />
    <ClInclude Include="OfficerRenderer.h" />
    <ClInclude Include="TriffidEggRenderer.h" />
    <ClInclude Include="EngineerRenderer.h" />
    <ClInclude Include="ArmourRenderer.h" />
    <ClInclude Include="TripodRenderer.h" />
    <ClInclude Include="CentipedeRenderer.h" />
    <ClInclude Include="SpiderRenderer.h" />
    <ClInclude Include="SoulDestroyerRenderer.h" />
    <ClInclude Include="DarwinianRenderer.h" />
    <ClInclude Include="ViriiRenderer.h" />
    <ClInclude Include="LanderRenderer.h" />
    <ClInclude Include="LaserTrooperRenderer.h" />
    <ClInclude Include="DefaultBuildingRenderer.h" />
    <ClInclude Include="WallBuildingRenderer.h" />
    <ClInclude Include="StaticShapeBuildingRenderer.h" />
    <ClInclude Include="ScriptTriggerBuildingRenderer.h" />
    <ClInclude Include="GodDishBuildingRenderer.h" />
    <ClInclude Include="GunTurretBuildingRenderer.h" />
    <ClInclude Include="ControlTowerBuildingRenderer.h" />
    <ClInclude Include="TeleportBuildingRenderer.h" />
    <ClInclude Include="RadarDishBuildingRenderer.h" />
    <ClInclude Include="LaserFenceBuildingRenderer.h" />
    <ClInclude Include="FenceSwitchBuildingRenderer.h" />
    <ClInclude Include="TriffidBuildingRenderer.h" />
    <ClInclude Include="ResearchItemBuildingRenderer.h" />
    <ClInclude Include="SpamBuildingRenderer.h" />
    <ClInclude Include="TrunkPortBuildingRenderer.h" />
    <ClInclude Include="FeedingTubeBuildingRenderer.h" />
    <ClInclude Include="GeneratorBuildingRenderer.h" />
    <ClInclude Include="PylonEndBuildingRenderer.h" />
    <ClInclude Include="PowerBuildingRenderer.h" />
    <ClInclude Include="SolarPanelBuildingRenderer.h" />
    <ClInclude Include="NullBuildingRenderer.h" />
    <ClInclude Include="MasterSpawnPointBuildingRenderer.h" />
    <ClInclude Include="SpawnPointBuildingRenderer.h" />
    <ClInclude Include="SpawnBuildingRenderer.h" />
    <ClInclude Include="ReceiverBuildingRenderer.h" />
    <ClInclude Include="SpiritProcessorBuildingRenderer.h" />
    <ClInclude Include="SpiritReceiverBuildingRenderer.h" />
    <ClInclude Include="BlueprintBuildingRenderer.h" />
    <ClInclude Include="BlueprintStoreBuildingRenderer.h" />
    <ClInclude Include="BlueprintConsoleBuildingRenderer.h" />
    <ClInclude Include="BlueprintRelayBuildingRenderer.h" />
    <ClInclude Include="MineBuildingRenderer.h" />
    <ClInclude Include="TrackJunctionBuildingRenderer.h" />
    <ClInclude Include="RefineryBuildingRenderer.h" />
    <ClInclude Include="MineShaftBuildingRenderer.h" />
    <ClInclude Include="AITargetBuildingRenderer.h" />
    <ClInclude Include="FuelBuildingRenderer.h" />
    <ClInclude Include="FuelGeneratorBuildingRenderer.h" />
    <ClInclude Include="FuelStationBuildingRenderer.h" />
    <ClInclude Include="EscapeRocketBuildingRenderer.h" />
    <ClInclude Include="ConstructionYardBuildingRenderer.h" />
    <ClInclude Include="DisplayScreenBuildingRenderer.h" />
    <ClInclude Include="DynamicNodeBuildingRenderer.h" />
    <ClInclude Include="cheat_window.h" />
    <ClInclude Include="darwinia_window.h" />
    <ClInclude Include="debugmenu.h" />
    <ClInclude Include="drop_down_menu.h" />
    <ClInclude Include="input_field.h" />
    <ClInclude Include="mainmenus.h" />
    <ClInclude Include="message_dialog.h" />
    <ClInclude Include="network_window.h" />
    <ClInclude Include="prefs_graphics_window.h" />
    <ClInclude Include="prefs_keybindings_window.h" />
    <ClInclude Include="prefs_other_window.h" />
    <ClInclude Include="prefs_screen_window.h" />
    <ClInclude Include="prefs_sound_window.h" />
    <ClInclude Include="profilewindow.h" />
    <ClInclude Include="reallyquit_window.h" />
    <ClInclude Include="scrollbar.h" />
    <ClInclude Include="userprofile_window.h" />
    <ClInclude Include="SquadieRenderer.h" />
    <ClInclude Include="SporeGeneratorRenderer.h" />
    <ClInclude Include="WorldObjectRenderer.h" />
    <ClInclude Include="WorldObjectRenderRegistry.h" />
    <ClInclude Include="SnowRenderer.h" />
    <ClInclude Include="FlagRenderer.h" />
    <ClInclude Include="SpaceInvaderRenderer.h" />
    <ClInclude Include="BoxKiteRenderer.h" />
    <ClInclude Include="WeaponRenderer.h" />
    <ClInclude Include="MiscEffectRenderer.h" />
    <ClInclude Include="SpiritRenderer.h" />
  </ItemGroup>
  <ItemGroup>
    <Natvis Include="$(MSBuildThisFileDirectory)..\..\natvis\wil.natstepfilter">
      <Filter>Project Files</Filter>
    </Natvis>
    <Natvis Include="$(MSBuildThisFileDirectory)..\..\natvis\wil.natvis">
      <Filter>Project Files</Filter>
    </Natvis>
  </ItemGroup>
  <ItemGroup>
    <Filter Include="Project Files">
      <UniqueIdentifier>{01240f28-bfdb-4d9a-87a2-48b172da1db4}</UniqueIdentifier>
    </Filter>
  </ItemGroup>
  <ItemGroup>
    <None Include="packages.config">
      <Filter>Project Files</Filter>
    </None>
  </ItemGroup>
</Project>