<?xml version="1.0" encoding="utf-8"?>
<Project ToolsVersion="4.0" xmlns="http://schemas.microsoft.com/developer/msbuild/2003">
  <ItemGroup>
    <Image Include="Assets\Wide310x150Logo.scale-200.png">
      <Filter>Assets</Filter>
    </Image>
    <Image Include="Assets\StoreLogo.png">
      <Filter>Assets</Filter>
    </Image>
    <Image Include="Assets\Square150x150Logo.scale-200.png">
      <Filter>Assets</Filter>
    </Image>
    <Image Include="Assets\Square44x44Logo.targetsize-24_altform-unplated.png">
      <Filter>Assets</Filter>
    </Image>
    <Image Include="Assets\Square44x44Logo.scale-200.png">
      <Filter>Assets</Filter>
    </Image>
    <Image Include="Assets\SplashScreen.scale-200.png">
      <Filter>Assets</Filter>
    </Image>
    <Image Include="Assets\LockScreenLogo.scale-200.png">
      <Filter>Assets</Filter>
    </Image>
  </ItemGroup>
  <ItemGroup>
    <Filter Include="Assets">
      <UniqueIdentifier>{f0e25c67-50d7-4de4-9703-8fe3220bee69}</UniqueIdentifier>
    </Filter>
    <Filter Include="Project Files">
      <UniqueIdentifier>{b763246f-21e9-4c02-8f47-2f95ef572751}</UniqueIdentifier>
    </Filter>
    <Filter Include="Assets\Awards">
      <UniqueIdentifier>{5ba1bd85-2563-402b-b2c4-1adec96fdde4}</UniqueIdentifier>
    </Filter>
  </ItemGroup>
  <ItemGroup>
    <Manifest Include="app.manifest">
      <Filter>Project Files</Filter>
    </Manifest>
  </ItemGroup>
  <ItemGroup>
    <AppxManifest Include="Package.appxmanifest">
      <Filter>Project Files</Filter>
    </AppxManifest>
  </ItemGroup>
  <ItemGroup>
    <None Include="packages.config">
      <Filter>Project Files</Filter>
    </None>
    <None Include="Assets\ALPHA.IPL">
      <Filter>Assets</Filter>
    </None>
    <None Include="Assets\ALPHA.PAL">
      <Filter>Assets</Filter>
    </None>
    <None Include="Assets\audio.cfg">
      <Filter>Assets</Filter>
    </None>
    <None Include="Assets\beacon1.pcx">
      <Filter>Assets</Filter>
    </None>
    <None Include="Assets\beacon2.pcx">
      <Filter>Assets</Filter>
    </None>
    <None Include="Assets\beacon3.pcx">
      <Filter>Assets</Filter>
    </None>
    <None Include="Assets\beacon4.pcx">
      <Filter>Assets</Filter>
    </None>
    <None Include="Assets\content.dat">
      <Filter>Assets</Filter>
    </None>
    <None Include="Assets\Flare0+.pcx">
      <Filter>Assets</Filter>
    </None>
    <None Include="Assets\FLARE1.PCX">
      <Filter>Assets</Filter>
    </None>
    <None Include="Assets\FLARE2.PCX">
      <Filter>Assets</Filter>
    </None>
    <None Include="Assets\FLARE3.PCX">
      <Filter>Assets</Filter>
    </None>
    <None Include="Assets\Flare4.pcx">
      <Filter>Assets</Filter>
    </None>
    <None Include="Assets\key.cfg">
      <Filter>Assets</Filter>
    </None>
    <None Include="Assets\matrix.pcx">
      <Filter>Assets</Filter>
    </None>
    <None Include="Assets\mod.cfg">
      <Filter>Assets</Filter>
    </None>
    <None Include="Assets\MouseArrow.pcx">
      <Filter>Assets</Filter>
    </None>
    <None Include="Assets\MouseCross.pcx">
      <Filter>Assets</Filter>
    </None>
    <None Include="Assets\MouseDrag.pcx">
      <Filter>Assets</Filter>
    </None>
    <None Include="Assets\player.cfg">
      <Filter>Assets</Filter>
    </None>
    <None Include="Assets\ScrollDn.pcx">
      <Filter>Assets</Filter>
    </None>
    <None Include="Assets\ScrollUp.pcx">
      <Filter>Assets</Filter>
    </None>
    <None Include="Assets\studio.pcx">
      <Filter>Assets</Filter>
    </None>
    <None Include="Assets\Sys.def">
      <Filter>Assets</Filter>
    </None>
    <None Include="Assets\Awards\Awards.def">
      <Filter>Assets\Awards</Filter>
    </None>
    <None Include="Assets\Awards\Medal0A.pcx">
      <Filter>Assets\Awards</Filter>
    </None>
    <None Include="Assets\Awards\Medal0B.pcx">
      <Filter>Assets\Awards</Filter>
    </None>
    <None Include="Assets\Awards\Medal0C.pcx">
      <Filter>Assets\Awards</Filter>
    </None>
    <None Include="Assets\Awards\Medal0D.pcx">
      <Filter>Assets\Awards</Filter>
    </None>
    <None Include="Assets\Awards\Medal0E.pcx">
      <Filter>Assets\Awards</Filter>
    </None>
    <None Include="Assets\Awards\Medal0F.pcx">
      <Filter>Assets\Awards</Filter>
    </None>
    <None Include="Assets\Awards\Medal01.pcx">
      <Filter>Assets\Awards</Filter>
    </None>
    <None Include="Assets\Awards\Medal02.pcx">
      <Filter>Assets\Awards</Filter>
    </None>
    <None Include="Assets\Awards\Medal03.pcx">
      <Filter>Assets\Awards</Filter>
    </None>
    <None Include="Assets\Awards\Medal04.pcx">
      <Filter>Assets\Awards</Filter>
    </None>
    <None Include="Assets\Awards\Medal05.pcx">
      <Filter>Assets\Awards</Filter>
    </None>
    <None Include="Assets\Awards\Medal06.pcx">
      <Filter>Assets\Awards</Filter>
    </None>
    <None Include="Assets\Awards\Medal07.pcx">
      <Filter>Assets\Awards</Filter>
    </None>
    <None Include="Assets\Awards\Medal08.pcx">
      <Filter>Assets\Awards</Filter>
    </None>
    <None Include="Assets\Awards\Medal09.pcx">
      <Filter>Assets\Awards</Filter>
    </None>
    <None Include="Assets\Awards\Rank00.pcx">
      <Filter>Assets\Awards</Filter>
    </None>
    <None Include="Assets\Awards\Rank01.pcx">
      <Filter>Assets\Awards</Filter>
    </None>
    <None Include="Assets\Awards\Rank10.pcx">
      <Filter>Assets\Awards</Filter>
    </None>
    <None Include="Assets\Awards\Rank11.pcx">
      <Filter>Assets\Awards</Filter>
    </None>
    <None Include="Assets\Awards\Rank20.pcx">
      <Filter>Assets\Awards</Filter>
    </None>
    <None Include="Assets\Awards\Rank21.pcx">
      <Filter>Assets\Awards</Filter>
    </None>
    <None Include="Assets\Awards\Rank30.pcx">
      <Filter>Assets\Awards</Filter>
    </None>
    <None Include="Assets\Awards\Rank31.pcx">
      <Filter>Assets\Awards</Filter>
    </None>
    <None Include="Assets\Awards\Rank40.pcx">
      <Filter>Assets\Awards</Filter>
    </None>
    <None Include="Assets\Awards\Rank41.pcx">
      <Filter>Assets\Awards</Filter>
    </None>
    <None Include="Assets\Awards\Rank50.pcx">
      <Filter>Assets\Awards</Filter>
    </None>
    <None Include="Assets\Awards\Rank51.pcx">
      <Filter>Assets\Awards</Filter>
    </None>
    <None Include="Assets\Awards\Rank60.pcx">
      <Filter>Assets\Awards</Filter>
    </None>
    <None Include="Assets\Awards\Rank61.pcx">
      <Filter>Assets\Awards</Filter>
    </None>
    <None Include="Assets\Awards\Rank70.pcx">
      <Filter>Assets\Awards</Filter>
    </None>
    <None Include="Assets\Awards\Rank71.pcx">
      <Filter>Assets\Awards</Filter>
    </None>
    <None Include="Assets\Awards\Rank80.pcx">
      <Filter>Assets\Awards</Filter>
    </None>
    <None Include="Assets\Awards\Rank81.pcx">
      <Filter>Assets\Awards</Filter>
    </None>
    <None Include="Assets\Awards\Rank90.pcx">
      <Filter>Assets\Awards</Filter>
    </None>
    <None Include="Assets\Awards\Rank91.pcx">
      <Filter>Assets\Awards</Filter>
    </None>
    <None Include="Assets\Awards\RankA0.pcx">
      <Filter>Assets\Awards</Filter>
    </None>
    <None Include="Assets\Awards\RankA1.pcx">
      <Filter>Assets\Awards</Filter>
    </None>
    <None Include="Assets\Awards\Ribbon0A.pcx">
      <Filter>Assets\Awards</Filter>
    </None>
    <None Include="Assets\Awards\Ribbon0B.pcx">
      <Filter>Assets\Awards</Filter>
    </None>
    <None Include="Assets\Awards\Ribbon0C.pcx">
      <Filter>Assets\Awards</Filter>
    </None>
    <None Include="Assets\Awards\Ribbon0D.pcx">
      <Filter>Assets\Awards</Filter>
    </None>
    <None Include="Assets\Awards\Ribbon0E.pcx">
      <Filter>Assets\Awards</Filter>
    </None>
    <None Include="Assets\Awards\Ribbon0F.pcx">
      <Filter>Assets\Awards</Filter>
    </None>
    <None Include="Assets\Awards\Ribbon01.pcx">
      <Filter>Assets\Awards</Filter>
    </None>
    <None Include="Assets\Awards\Ribbon02.pcx">
      <Filter>Assets\Awards</Filter>
    </None>
    <None Include="Assets\Awards\Ribbon03.pcx">
      <Filter>Assets\Awards</Filter>
    </None>
    <None Include="Assets\Awards\Ribbon04.pcx">
      <Filter>Assets\Awards</Filter>
    </None>
    <None Include="Assets\Awards\Ribbon05.pcx">
      <Filter>Assets\Awards</Filter>
    </None>
    <None Include="Assets\Awards\Ribbon06.pcx">
      <Filter>Assets\Awards</Filter>
    </None>
    <None Include="Assets\Awards\Ribbon07.pcx">
      <Filter>Assets\Awards</Filter>
    </None>
    <None Include="Assets\Awards\Ribbon08.pcx">
      <Filter>Assets\Awards</Filter>
    </None>
    <None Include="Assets\Awards\Ribbon09.pcx">
      <Filter>Assets\Awards</Filter>
    </None>
    <None Include="Assets\magic.fx">
      <Filter>Assets</Filter>
    </None>
  </ItemGroup>
  <ItemGroup>
    <Natvis Include="$(MSBuildThisFileDirectory)..\..\natvis\wil.natstepfilter">
      <Filter>Project Files</Filter>
    </Natvis>
    <Natvis Include="$(MSBuildThisFileDirectory)..\..\natvis\wil.natvis">
      <Filter>Project Files</Filter>
    </Natvis>
  </ItemGroup>
  <ItemGroup>
    <ClCompile Include="Asteroid.cpp" />
    <ClCompile Include="AudDlg.cpp" />
    <ClCompile Include="AudioConfig.cpp" />
    <ClCompile Include="AwardDlg.cpp" />
    <ClCompile Include="AwardShowDlg.cpp" />
    <ClCompile Include="Callsign.cpp" />
    <ClCompile Include="CameraDirector.cpp" />
    <ClCompile Include="Campaign.cpp" />
    <ClCompile Include="CampaignMissionFighter.cpp" />
    <ClCompile Include="CampaignMissionRequest.cpp" />
    <ClCompile Include="CampaignMissionStarship.cpp" />
    <ClCompile Include="CampaignPlanAssignment.cpp" />
    <ClCompile Include="CampaignPlanEvent.cpp" />
    <ClCompile Include="CampaignPlanMission.cpp" />
    <ClCompile Include="CampaignPlanMovement.cpp" />
    <ClCompile Include="CampaignPlanStrategic.cpp" />
    <ClCompile Include="CampaignSaveGame.cpp" />
    <ClCompile Include="CampaignSituationReport.cpp" />
    <ClCompile Include="CarrierAI.cpp" />
    <ClCompile Include="CmdDlg.cpp" />
    <ClCompile Include="CmdForceDlg.cpp" />
    <ClCompile Include="CmdIntelDlg.cpp" />
    <ClCompile Include="CmdMissionsDlg.cpp" />
    <ClCompile Include="CmdMsgDlg.cpp" />
    <ClCompile Include="CmdOrdersDlg.cpp" />
    <ClCompile Include="CmdTheaterDlg.cpp" />
    <ClCompile Include="CmdTitleDlg.cpp" />
    <ClCompile Include="CmpCompleteDlg.cpp" />
    <ClCompile Include="CmpFileDlg.cpp" />
    <ClCompile Include="CmpLoadDlg.cpp" />
    <ClCompile Include="CmpnScreen.cpp" />
    <ClCompile Include="CmpSceneDlg.cpp" />
    <ClCompile Include="CmpSelectDlg.cpp" />
    <ClCompile Include="CombatAction.cpp" />
    <ClCompile Include="Combatant.cpp" />
    <ClCompile Include="CombatAssignment.cpp" />
    <ClCompile Include="CombatEvent.cpp" />
    <ClCompile Include="CombatGroup.cpp" />
    <ClCompile Include="CombatRoster.cpp" />
    <ClCompile Include="CombatUnit.cpp" />
    <ClCompile Include="CombatZone.cpp" />
    <ClCompile Include="Component.cpp" />
    <ClCompile Include="Computer.cpp" />
    <ClCompile Include="ConfirmDlg.cpp" />
    <ClCompile Include="Contact.cpp" />
    <ClCompile Include="CtlDlg.cpp" />
    <ClCompile Include="DebriefDlg.cpp" />
    <ClCompile Include="Debris.cpp" />
    <ClCompile Include="DetailSet.cpp" />
    <ClCompile Include="DisplayView.cpp" />
    <ClCompile Include="Drive.cpp" />
    <ClCompile Include="DriveSprite.cpp" />
    <ClCompile Include="Drone.cpp" />
    <ClCompile Include="DropShipAI.cpp" />
    <ClCompile Include="Element.cpp" />
    <ClCompile Include="EngDlg.cpp" />
    <ClCompile Include="ExitDlg.cpp" />
    <ClCompile Include="Explosion.cpp" />
    <ClCompile Include="Farcaster.cpp" />
    <ClCompile Include="FighterAI.cpp" />
    <ClCompile Include="FighterTacticalAI.cpp" />
    <ClCompile Include="FirstTimeDlg.cpp" />
    <ClCompile Include="FlightComp.cpp" />
    <ClCompile Include="FlightDeck.cpp" />
    <ClCompile Include="FlightPlanner.cpp" />
    <ClCompile Include="FltDlg.cpp" />
    <ClCompile Include="Galaxy.cpp" />
    <ClCompile Include="GameScreen.cpp" />
    <ClCompile Include="Grid.cpp" />
    <ClCompile Include="GroundAI.cpp" />
    <ClCompile Include="Hangar.cpp" />
    <ClCompile Include="HardPoint.cpp" />
    <ClCompile Include="Hoop.cpp" />
    <ClCompile Include="HUDSounds.cpp" />
    <ClCompile Include="HUDView.cpp" />
    <ClCompile Include="Instruction.cpp" />
    <ClCompile Include="Intel.cpp" />
    <ClCompile Include="KeyDlg.cpp" />
    <ClCompile Include="KeyMap.cpp" />
    <ClCompile Include="LandingGear.cpp" />
    <ClCompile Include="LoadDlg.cpp" />
    <ClCompile Include="LoadScreen.cpp" />
    <ClCompile Include="Main.cpp" />
    <ClCompile Include="MapView.cpp" />
    <ClCompile Include="MenuDlg.cpp" />
    <ClCompile Include="MenuScreen.cpp" />
    <ClCompile Include="MenuView.cpp" />
    <ClCompile Include="Mfd.cpp" />
    <ClCompile Include="Mission.cpp" />
    <ClCompile Include="MissionEvent.cpp" />
    <ClCompile Include="MissionTemplate.cpp" />
    <ClCompile Include="MsnDlg.cpp" />
    <ClCompile Include="MsnEditDlg.cpp" />
    <ClCompile Include="MsnEditNavDlg.cpp" />
    <ClCompile Include="MsnElemDlg.cpp" />
    <ClCompile Include="MsnEventDlg.cpp" />
    <ClCompile Include="MsnNavDlg.cpp" />
    <ClCompile Include="MsnObjDlg.cpp" />
    <ClCompile Include="MsnPkgDlg.cpp" />
    <ClCompile Include="MsnSelectDlg.cpp" />
    <ClCompile Include="MsnWepDlg.cpp" />
    <ClCompile Include="MusicDirector.cpp" />
    <ClCompile Include="MusicTrack.cpp" />
    <ClCompile Include="NavAI.cpp" />
    <ClCompile Include="NavDlg.cpp" />
    <ClCompile Include="NavLight.cpp" />
    <ClCompile Include="NavSystem.cpp" />
    <ClCompile Include="NetAddrDlg.cpp" />
    <ClCompile Include="NetAdminChat.cpp" />
    <ClCompile Include="NetAdminServer.cpp" />
    <ClCompile Include="NetAuth.cpp" />
    <ClCompile Include="NetBrokerClient.cpp" />
    <ClCompile Include="NetChat.cpp" />
    <ClCompile Include="NetClientConfig.cpp" />
    <ClCompile Include="NetClientDlg.cpp" />
    <ClCompile Include="NetData.cpp" />
    <ClCompile Include="NetFileServlet.cpp" />
    <ClCompile Include="NetGame.cpp" />
    <ClCompile Include="NetGameClient.cpp" />
    <ClCompile Include="NetGameServer.cpp" />
    <ClCompile Include="NetLobby.cpp" />
    <ClCompile Include="NetLobbyClient.cpp" />
    <ClCompile Include="NetLobbyDlg.cpp" />
    <ClCompile Include="NetLobbyServer.cpp" />
    <ClCompile Include="NetPacket.cpp" />
    <ClCompile Include="NetPassDlg.cpp" />
    <ClCompile Include="NetPlayer.cpp" />
    <ClCompile Include="NetServerConfig.cpp" />
    <ClCompile Include="NetServerDlg.cpp" />
    <ClCompile Include="NetUnitDlg.cpp" />
    <ClCompile Include="NetUser.cpp" />
    <ClCompile Include="NetUtil.cpp" />
    <ClCompile Include="NPClientWraps.cpp" />
    <ClCompile Include="OptDlg.cpp" />
    <ClCompile Include="pch.cpp" />
    <ClCompile Include="PlanScreen.cpp" />
    <ClCompile Include="Player.cpp" />
    <ClCompile Include="PlayerDlg.cpp" />
    <ClCompile Include="Power.cpp" />
    <ClCompile Include="QuantumDrive.cpp" />
    <ClCompile Include="QuantumFlash.cpp" />
    <ClCompile Include="QuantumView.cpp" />
    <ClCompile Include="QuitView.cpp" />
    <ClCompile Include="RadioHandler.cpp" />
    <ClCompile Include="RadioMessage.cpp" />
    <ClCompile Include="RadioTraffic.cpp" />
    <ClCompile Include="RadioView.cpp" />
    <ClCompile Include="RadioVox.cpp" />
    <ClCompile Include="RLoc.cpp" />
    <ClCompile Include="SeekerAI.cpp" />
    <ClCompile Include="Sensor.cpp" />
    <ClCompile Include="Shield.cpp" />
    <ClCompile Include="ShieldRep.cpp" />
    <ClCompile Include="Ship.cpp" />
    <ClCompile Include="ShipAI.cpp" />
    <ClCompile Include="ShipCtrl.cpp" />
    <ClCompile Include="ShipDesign.cpp" />
    <ClCompile Include="ShipKiller.cpp" />
    <ClCompile Include="ShipSolid.cpp" />
    <ClCompile Include="Shot.cpp" />
    <ClCompile Include="Sim.cpp" />
    <ClCompile Include="SimEvent.cpp" />
    <ClCompile Include="SimObject.cpp" />
    <ClCompile Include="Sky.cpp" />
    <ClCompile Include="StarServer.cpp" />
    <ClCompile Include="Starshatter.cpp" />
    <ClCompile Include="StarshipAI.cpp" />
    <ClCompile Include="StarshipTacticalAI.cpp" />
    <ClCompile Include="StarSystem.cpp" />
    <ClCompile Include="SteerAI.cpp" />
    <ClCompile Include="System.cpp" />
    <ClCompile Include="SystemDesign.cpp" />
    <ClCompile Include="TacRefDlg.cpp" />
    <ClCompile Include="TacticalAI.cpp" />
    <ClCompile Include="TacticalView.cpp" />
    <ClCompile Include="Terrain.cpp" />
    <ClCompile Include="TerrainApron.cpp" />
    <ClCompile Include="TerrainClouds.cpp" />
    <ClCompile Include="TerrainHaze.cpp" />
    <ClCompile Include="TerrainPatch.cpp" />
    <ClCompile Include="TerrainRegion.cpp" />
    <ClCompile Include="Thruster.cpp" />
    <ClCompile Include="Trail.cpp" />
    <ClCompile Include="VidDlg.cpp" />
    <ClCompile Include="Weapon.cpp" />
    <ClCompile Include="WeaponDesign.cpp" />
    <ClCompile Include="WeaponGroup.cpp" />
    <ClCompile Include="Weather.cpp" />
    <ClCompile Include="WepView.cpp" />
  </ItemGroup>
  <ItemGroup>
    <ClInclude Include="Asteroid.h" />
    <ClInclude Include="AudDlg.h" />
    <ClInclude Include="AudioConfig.h" />
    <ClInclude Include="AwardDlg.h" />
    <ClInclude Include="AwardShowDlg.h" />
    <ClInclude Include="BaseScreen.h" />
    <ClInclude Include="Callsign.h" />
    <ClInclude Include="CameraDirector.h" />
    <ClInclude Include="Campaign.h" />
    <ClInclude Include="CampaignMissionFighter.h" />
    <ClInclude Include="CampaignMissionRequest.h" />
    <ClInclude Include="CampaignMissionStarship.h" />
    <ClInclude Include="CampaignPlan.h" />
    <ClInclude Include="CampaignPlanAssignment.h" />
    <ClInclude Include="CampaignPlanEvent.h" />
    <ClInclude Include="CampaignPlanMission.h" />
    <ClInclude Include="CampaignPlanMovement.h" />
    <ClInclude Include="CampaignPlanStrategic.h" />
    <ClInclude Include="CampaignSaveGame.h" />
    <ClInclude Include="CampaignSituationReport.h" />
    <ClInclude Include="CarrierAI.h" />
    <ClInclude Include="CmdDlg.h" />
    <ClInclude Include="CmdForceDlg.h" />
    <ClInclude Include="CmdIntelDlg.h" />
    <ClInclude Include="CmdMissionsDlg.h" />
    <ClInclude Include="CmdMsgDlg.h" />
    <ClInclude Include="CmdOrdersDlg.h" />
    <ClInclude Include="CmdTheaterDlg.h" />
    <ClInclude Include="CmdTitleDlg.h" />
    <ClInclude Include="CmpCompleteDlg.h" />
    <ClInclude Include="CmpFileDlg.h" />
    <ClInclude Include="CmpLoadDlg.h" />
    <ClInclude Include="CmpnScreen.h" />
    <ClInclude Include="CmpSceneDlg.h" />
    <ClInclude Include="CmpSelectDlg.h" />
    <ClInclude Include="CombatAction.h" />
    <ClInclude Include="Combatant.h" />
    <ClInclude Include="CombatAssignment.h" />
    <ClInclude Include="CombatEvent.h" />
    <ClInclude Include="CombatGroup.h" />
    <ClInclude Include="CombatRoster.h" />
    <ClInclude Include="CombatUnit.h" />
    <ClInclude Include="CombatZone.h" />
    <ClInclude Include="Component.h" />
    <ClInclude Include="Computer.h" />
    <ClInclude Include="ConfirmDlg.h" />
    <ClInclude Include="Contact.h" />
    <ClInclude Include="CtlDlg.h" />
    <ClInclude Include="DebriefDlg.h" />
    <ClInclude Include="Debris.h" />
    <ClInclude Include="DetailSet.h" />
    <ClInclude Include="DisplayView.h" />
    <ClInclude Include="Drive.h" />
    <ClInclude Include="DriveSprite.h" />
    <ClInclude Include="Drone.h" />
    <ClInclude Include="DropShipAI.h" />
    <ClInclude Include="Element.h" />
    <ClInclude Include="EngDlg.h" />
    <ClInclude Include="ExitDlg.h" />
    <ClInclude Include="Explosion.h" />
    <ClInclude Include="Farcaster.h" />
    <ClInclude Include="FighterAI.h" />
    <ClInclude Include="FighterTacticalAI.h" />
    <ClInclude Include="FirstTimeDlg.h" />
    <ClInclude Include="FlightComp.h" />
    <ClInclude Include="FlightDeck.h" />
    <ClInclude Include="FlightPlanner.h" />
    <ClInclude Include="FltDlg.h" />
    <ClInclude Include="Galaxy.h" />
    <ClInclude Include="GameScreen.h" />
    <ClInclude Include="Grid.h" />
    <ClInclude Include="GroundAI.h" />
    <ClInclude Include="Hangar.h" />
    <ClInclude Include="HardPoint.h" />
    <ClInclude Include="Hoop.h" />
    <ClInclude Include="HUDSounds.h" />
    <ClInclude Include="HUDView.h" />
    <ClInclude Include="Instruction.h" />
    <ClInclude Include="Intel.h" />
    <ClInclude Include="KeyDlg.h" />
    <ClInclude Include="KeyMap.h" />
    <ClInclude Include="LandingGear.h" />
    <ClInclude Include="LoadDlg.h" />
    <ClInclude Include="LoadScreen.h" />
    <ClInclude Include="MapView.h" />
    <ClInclude Include="MenuDlg.h" />
    <ClInclude Include="MenuScreen.h" />
    <ClInclude Include="MenuView.h" />
    <ClInclude Include="Mfd.h" />
    <ClInclude Include="Mission.h" />
    <ClInclude Include="MissionEvent.h" />
    <ClInclude Include="MissionTemplate.h" />
    <ClInclude Include="MsnDlg.h" />
    <ClInclude Include="MsnEditDlg.h" />
    <ClInclude Include="MsnEditNavDlg.h" />
    <ClInclude Include="MsnElemDlg.h" />
    <ClInclude Include="MsnEventDlg.h" />
    <ClInclude Include="MsnNavDlg.h" />
    <ClInclude Include="MsnObjDlg.h" />
    <ClInclude Include="MsnPkgDlg.h" />
    <ClInclude Include="MsnSelectDlg.h" />
    <ClInclude Include="MsnWepDlg.h" />
    <ClInclude Include="MusicDirector.h" />
    <ClInclude Include="MusicTrack.h" />
    <ClInclude Include="NavAI.h" />
    <ClInclude Include="NavDlg.h" />
    <ClInclude Include="NavLight.h" />
    <ClInclude Include="NavSystem.h" />
    <ClInclude Include="NetAddrDlg.h" />
    <ClInclude Include="NetAdminChat.h" />
    <ClInclude Include="NetAdminServer.h" />
    <ClInclude Include="NetAuth.h" />
    <ClInclude Include="NetBrokerClient.h" />
    <ClInclude Include="NetChat.h" />
    <ClInclude Include="NetClientConfig.h" />
    <ClInclude Include="NetClientDlg.h" />
    <ClInclude Include="NetData.h" />
    <ClInclude Include="NetFileServlet.h" />
    <ClInclude Include="NetGame.h" />
    <ClInclude Include="NetGameClient.h" />
    <ClInclude Include="NetGameServer.h" />
    <ClInclude Include="NetLobby.h" />
    <ClInclude Include="NetLobbyClient.h" />
    <ClInclude Include="NetLobbyDlg.h" />
    <ClInclude Include="NetLobbyServer.h" />
    <ClInclude Include="NetPacket.h" />
    <ClInclude Include="NetPassDlg.h" />
    <ClInclude Include="NetPlayer.h" />
    <ClInclude Include="NetServerConfig.h" />
    <ClInclude Include="NetServerDlg.h" />
    <ClInclude Include="NetUnitDlg.h" />
    <ClInclude Include="NetUser.h" />
    <ClInclude Include="NetUtil.h" />
    <ClInclude Include="NPClient.h" />
    <ClInclude Include="NPClientWraps.h" />
    <ClInclude Include="OptDlg.h" />
    <ClInclude Include="pch.h" />
    <ClInclude Include="PlanScreen.h" />
    <ClInclude Include="Player.h" />
    <ClInclude Include="PlayerDlg.h" />
    <ClInclude Include="Power.h" />
    <ClInclude Include="QuantumDrive.h" />
    <ClInclude Include="QuantumFlash.h" />
    <ClInclude Include="QuantumView.h" />
    <ClInclude Include="QuitView.h" />
    <ClInclude Include="RadioHandler.h" />
    <ClInclude Include="RadioMessage.h" />
    <ClInclude Include="RadioTraffic.h" />
    <ClInclude Include="RadioView.h" />
    <ClInclude Include="RadioVox.h" />
    <ClInclude Include="resource.h" />
    <ClInclude Include="RLoc.h" />
    <ClInclude Include="SeekerAI.h" />
    <ClInclude Include="Sensor.h" />
    <ClInclude Include="Shield.h" />
    <ClInclude Include="ShieldRep.h" />
    <ClInclude Include="Ship.h" />
    <ClInclude Include="ShipAI.h" />
    <ClInclude Include="ShipCtrl.h" />
    <ClInclude Include="ShipDesign.h" />
    <ClInclude Include="ShipKiller.h" />
    <ClInclude Include="ShipSolid.h" />
    <ClInclude Include="Shot.h" />
    <ClInclude Include="Sim.h" />
    <ClInclude Include="SimEvent.h" />
    <ClInclude Include="SimObject.h" />
    <ClInclude Include="Sky.h" />
    <ClInclude Include="StarServer.h" />
    <ClInclude Include="Starshatter.h" />
    <ClInclude Include="StarshipAI.h" />
    <ClInclude Include="StarshipTacticalAI.h" />
    <ClInclude Include="StarSystem.h" />
    <ClInclude Include="SteerAI.h" />
    <ClInclude Include="System.h" />
    <ClInclude Include="SystemDesign.h" />
    <ClInclude Include="TacRefDlg.h" />
    <ClInclude Include="TacticalAI.h" />
    <ClInclude Include="TacticalView.h" />
    <ClInclude Include="Terrain.h" />
    <ClInclude Include="TerrainApron.h" />
    <ClInclude Include="TerrainClouds.h" />
    <ClInclude Include="TerrainHaze.h" />
    <ClInclude Include="TerrainLayer.h" />
    <ClInclude Include="TerrainPatch.h" />
    <ClInclude Include="TerrainRegion.h" />
    <ClInclude Include="Thruster.h" />
    <ClInclude Include="Trail.h" />
    <ClInclude Include="VidDlg.h" />
    <ClInclude Include="Weapon.h" />
    <ClInclude Include="WeaponDesign.h" />
    <ClInclude Include="WeaponGroup.h" />
    <ClInclude Include="Weather.h" />
    <ClInclude Include="WepView.h" />
  </ItemGroup>
  <ItemGroup>
    <Text Include="Assets\credits.txt">
      <Filter>Assets</Filter>
    </Text>
  </ItemGroup>
  <ItemGroup>
    <Media Include="Assets\Awards\Rank0.wav">
      <Filter>Assets\Awards</Filter>
    </Media>
    <Media Include="Assets\Awards\Rank1.wav">
      <Filter>Assets\Awards</Filter>
    </Media>
    <Media Include="Assets\Awards\Rank2.wav">
      <Filter>Assets\Awards</Filter>
    </Media>
    <Media Include="Assets\Awards\Rank3.wav">
      <Filter>Assets\Awards</Filter>
    </Media>
    <Media Include="Assets\Awards\Rank4.wav">
      <Filter>Assets\Awards</Filter>
    </Media>
    <Media Include="Assets\Awards\Rank5.wav">
      <Filter>Assets\Awards</Filter>
    </Media>
    <Media Include="Assets\Awards\Rank6.wav">
      <Filter>Assets\Awards</Filter>
    </Media>
    <Media Include="Assets\Awards\Rank7.wav">
      <Filter>Assets\Awards</Filter>
    </Media>
    <Media Include="Assets\Awards\Rank8.wav">
      <Filter>Assets\Awards</Filter>
    </Media>
    <Media Include="Assets\Awards\Rank9.wav">
      <Filter>Assets\Awards</Filter>
    </Media>
    <Media Include="Assets\Awards\RankA.wav">
      <Filter>Assets\Awards</Filter>
    </Media>
  </ItemGroup>
</Project>